
Microsoft Visual Studio Solution File, Format Version 12.00
# Visual Studio 2013
VisualStudioVersion = 12.0.30501.0
MinimumVisualStudioVersion = 10.0.40219.1
Project("{FAE04EC0-301F-11D3-BF4B-00C04F79EFBC}") = "zhibo", "zhibo\zhibo.csproj", "{73AC27DE-61BA-4ADB-AAF7-E983E91AB6C1}"
EndProject
Global
	GlobalSection(SolutionConfigurationPlatforms) = preSolution
		Debug|Any CPU = Debug|Any CPU
		Release|Any CPU = Release|Any CPU
	EndGlobalSection
	GlobalSection(ProjectConfigurationPlatforms) = postSolution
		{73AC27DE-61BA-4ADB-AAF7-E983E91AB6C1}.Debug|Any CPU.ActiveCfg = Debug|Any CPU
		{73AC27DE-61BA-4ADB-AAF7-E983E91AB6C1}.Debug|Any CPU.Build.0 = Debug|Any CPU
		{73AC27DE-61BA-4ADB-AAF7-E983E91AB6C1}.Release|Any CPU.ActiveCfg = Release|Any CPU
		{73AC27DE-61BA-4ADB-AAF7-E983E91AB6C1}.Release|Any CPU.Build.0 = Release|Any CPU
	EndGlobalSection
	GlobalSection(SolutionProperties) = preSolution
		HideSolutionNode = FALSE
	EndGlobalSection
EndGlobal
